// !$*UTF8*$!
{
	archiveVersion = 1;
	classes = {
	};
	objectVersion = 56;
	objects = {

/* Begin PBXBuildFile section */
		6109A2FC2C12FF7900B5E7A2 /* TVResponseModel.swift in Sources */ = {isa = PBXBuildFile; fileRef = 6109A2FB2C12FF7900B5E7A2 /* TVResponseModel.swift */; };
		6109A2FF2C130D0E00B5E7A2 /* TVCellView.swift in Sources */ = {isa = PBXBuildFile; fileRef = 6109A2FE2C130D0E00B5E7A2 /* TVCellView.swift */; };
		612AA1A32C12AB5800A7B1F5 /* FilmRoadApp.swift in Sources */ = {isa = PBXBuildFile; fileRef = 612AA1A22C12AB5800A7B1F5 /* FilmRoadApp.swift */; };
		612AA1A72C12AB5900A7B1F5 /* Assets.xcassets in Resources */ = {isa = PBXBuildFile; fileRef = 612AA1A62C12AB5900A7B1F5 /* Assets.xcassets */; };
		612AA1AA2C12AB5900A7B1F5 /* Preview Assets.xcassets in Resources */ = {isa = PBXBuildFile; fileRef = 612AA1A92C12AB5900A7B1F5 /* Preview Assets.xcassets */; };
		612AA1B12C12AB9D00A7B1F5 /* .gitignore in Resources */ = {isa = PBXBuildFile; fileRef = 612AA1B02C12AB9D00A7B1F5 /* .gitignore */; };
		612AA1B92C12ABF000A7B1F5 /* Colors.xcassets in Resources */ = {isa = PBXBuildFile; fileRef = 612AA1B82C12ABF000A7B1F5 /* Colors.xcassets */; };
		612AA1C02C12ACBE00A7B1F5 /* APIKey.swift in Sources */ = {isa = PBXBuildFile; fileRef = 612AA1BF2C12ACBE00A7B1F5 /* APIKey.swift */; };
		612AA1C32C12AE0C00A7B1F5 /* MovieListView.swift in Sources */ = {isa = PBXBuildFile; fileRef = 612AA1C22C12AE0C00A7B1F5 /* MovieListView.swift */; };
		612AA1C72C12AE2700A7B1F5 /* MyListView.swift in Sources */ = {isa = PBXBuildFile; fileRef = 612AA1C62C12AE2700A7B1F5 /* MyListView.swift */; };
		612AA1CA2C12AE3900A7B1F5 /* MyProfileView.swift in Sources */ = {isa = PBXBuildFile; fileRef = 612AA1C92C12AE3900A7B1F5 /* MyProfileView.swift */; };
		612AA1CD2C12AE5D00A7B1F5 /* MainTabView.swift in Sources */ = {isa = PBXBuildFile; fileRef = 612AA1CC2C12AE5D00A7B1F5 /* MainTabView.swift */; };
		612AA1D12C12AEC000A7B1F5 /* TabItemModifier.swift in Sources */ = {isa = PBXBuildFile; fileRef = 612AA1D02C12AEC000A7B1F5 /* TabItemModifier.swift */; };
		612AA1D42C12AF0700A7B1F5 /* Image.swift in Sources */ = {isa = PBXBuildFile; fileRef = 612AA1D32C12AF0700A7B1F5 /* Image.swift */; };
		612AA1D62C12C0DF00A7B1F5 /* TabItem.swift in Sources */ = {isa = PBXBuildFile; fileRef = 612AA1D52C12C0DF00A7B1F5 /* TabItem.swift */; };
		612AA1D82C12C6E200A7B1F5 /* ButtonWrapper.swift in Sources */ = {isa = PBXBuildFile; fileRef = 612AA1D72C12C6E200A7B1F5 /* ButtonWrapper.swift */; };
		612AA1DC2C12CF8D00A7B1F5 /* SearchFilmView.swift in Sources */ = {isa = PBXBuildFile; fileRef = 612AA1DB2C12CF8D00A7B1F5 /* SearchFilmView.swift */; };
		612AA1DF2C12D34000A7B1F5 /* MovieListViewModel.swift in Sources */ = {isa = PBXBuildFile; fileRef = 612AA1DE2C12D34000A7B1F5 /* MovieListViewModel.swift */; };
		6173C5082C12D4000089E1E6 /* NavigationBarWrapper.swift in Sources */ = {isa = PBXBuildFile; fileRef = 6173C5072C12D4000089E1E6 /* NavigationBarWrapper.swift */; };
		6173C50B2C12D9E10089E1E6 /* SearchViewModel.swift in Sources */ = {isa = PBXBuildFile; fileRef = 6173C50A2C12D9E10089E1E6 /* SearchViewModel.swift */; };
		6173C50D2C12FC740089E1E6 /* TMDBNetworkManager.swift in Sources */ = {isa = PBXBuildFile; fileRef = 6173C50C2C12FC740089E1E6 /* TMDBNetworkManager.swift */; };
		6173C5102C12FCCF0089E1E6 /* TMDBRouter.swift in Sources */ = {isa = PBXBuildFile; fileRef = 6173C50F2C12FCCF0089E1E6 /* TMDBRouter.swift */; };
		6173C5132C12FD270089E1E6 /* Alamofire in Frameworks */ = {isa = PBXBuildFile; productRef = 6173C5122C12FD270089E1E6 /* Alamofire */; };
		6173C5152C12FD660089E1E6 /* TargetType.swift in Sources */ = {isa = PBXBuildFile; fileRef = 6173C5142C12FD660089E1E6 /* TargetType.swift */; };
/* End PBXBuildFile section */

/* Begin PBXFileReference section */
		6109A2FB2C12FF7900B5E7A2 /* TVResponseModel.swift */ = {isa = PBXFileReference; lastKnownFileType = sourcecode.swift; path = TVResponseModel.swift; sourceTree = "<group>"; };
		6109A2FE2C130D0E00B5E7A2 /* TVCellView.swift */ = {isa = PBXFileReference; lastKnownFileType = sourcecode.swift; path = TVCellView.swift; sourceTree = "<group>"; };
		612AA19F2C12AB5800A7B1F5 /* FilmRoad.app */ = {isa = PBXFileReference; explicitFileType = wrapper.application; includeInIndex = 0; path = FilmRoad.app; sourceTree = BUILT_PRODUCTS_DIR; };
		612AA1A22C12AB5800A7B1F5 /* FilmRoadApp.swift */ = {isa = PBXFileReference; lastKnownFileType = sourcecode.swift; path = FilmRoadApp.swift; sourceTree = "<group>"; };
		612AA1A62C12AB5900A7B1F5 /* Assets.xcassets */ = {isa = PBXFileReference; lastKnownFileType = folder.assetcatalog; path = Assets.xcassets; sourceTree = "<group>"; };
		612AA1A92C12AB5900A7B1F5 /* Preview Assets.xcassets */ = {isa = PBXFileReference; lastKnownFileType = folder.assetcatalog; path = "Preview Assets.xcassets"; sourceTree = "<group>"; };
		612AA1B02C12AB9D00A7B1F5 /* .gitignore */ = {isa = PBXFileReference; lastKnownFileType = text; path = .gitignore; sourceTree = "<group>"; };
		612AA1B82C12ABF000A7B1F5 /* Colors.xcassets */ = {isa = PBXFileReference; lastKnownFileType = folder.assetcatalog; path = Colors.xcassets; sourceTree = "<group>"; };
		612AA1BF2C12ACBE00A7B1F5 /* APIKey.swift */ = {isa = PBXFileReference; lastKnownFileType = sourcecode.swift; path = APIKey.swift; sourceTree = "<group>"; };
		612AA1C22C12AE0C00A7B1F5 /* MovieListView.swift */ = {isa = PBXFileReference; lastKnownFileType = sourcecode.swift; path = MovieListView.swift; sourceTree = "<group>"; };
		612AA1C62C12AE2700A7B1F5 /* MyListView.swift */ = {isa = PBXFileReference; lastKnownFileType = sourcecode.swift; path = MyListView.swift; sourceTree = "<group>"; };
		612AA1C92C12AE3900A7B1F5 /* MyProfileView.swift */ = {isa = PBXFileReference; lastKnownFileType = sourcecode.swift; path = MyProfileView.swift; sourceTree = "<group>"; };
		612AA1CC2C12AE5D00A7B1F5 /* MainTabView.swift */ = {isa = PBXFileReference; lastKnownFileType = sourcecode.swift; path = MainTabView.swift; sourceTree = "<group>"; };
		612AA1D02C12AEC000A7B1F5 /* TabItemModifier.swift */ = {isa = PBXFileReference; lastKnownFileType = sourcecode.swift; path = TabItemModifier.swift; sourceTree = "<group>"; };
		612AA1D32C12AF0700A7B1F5 /* Image.swift */ = {isa = PBXFileReference; lastKnownFileType = sourcecode.swift; path = Image.swift; sourceTree = "<group>"; };
		612AA1D52C12C0DF00A7B1F5 /* TabItem.swift */ = {isa = PBXFileReference; lastKnownFileType = sourcecode.swift; path = TabItem.swift; sourceTree = "<group>"; };
		612AA1D72C12C6E200A7B1F5 /* ButtonWrapper.swift */ = {isa = PBXFileReference; lastKnownFileType = sourcecode.swift; path = ButtonWrapper.swift; sourceTree = "<group>"; };
		612AA1DB2C12CF8D00A7B1F5 /* SearchFilmView.swift */ = {isa = PBXFileReference; lastKnownFileType = sourcecode.swift; path = SearchFilmView.swift; sourceTree = "<group>"; };
		612AA1DE2C12D34000A7B1F5 /* MovieListViewModel.swift */ = {isa = PBXFileReference; lastKnownFileType = sourcecode.swift; path = MovieListViewModel.swift; sourceTree = "<group>"; };
		6173C5072C12D4000089E1E6 /* NavigationBarWrapper.swift */ = {isa = PBXFileReference; lastKnownFileType = sourcecode.swift; path = NavigationBarWrapper.swift; sourceTree = "<group>"; };
		6173C50A2C12D9E10089E1E6 /* SearchViewModel.swift */ = {isa = PBXFileReference; lastKnownFileType = sourcecode.swift; path = SearchViewModel.swift; sourceTree = "<group>"; };
		6173C50C2C12FC740089E1E6 /* TMDBNetworkManager.swift */ = {isa = PBXFileReference; lastKnownFileType = sourcecode.swift; path = TMDBNetworkManager.swift; sourceTree = "<group>"; };
		6173C50F2C12FCCF0089E1E6 /* TMDBRouter.swift */ = {isa = PBXFileReference; lastKnownFileType = sourcecode.swift; path = TMDBRouter.swift; sourceTree = "<group>"; };
		6173C5142C12FD660089E1E6 /* TargetType.swift */ = {isa = PBXFileReference; lastKnownFileType = sourcecode.swift; path = TargetType.swift; sourceTree = "<group>"; };
/* End PBXFileReference section */

/* Begin PBXFrameworksBuildPhase section */
		612AA19C2C12AB5800A7B1F5 /* Frameworks */ = {
			isa = PBXFrameworksBuildPhase;
			buildActionMask = 2147483647;
			files = (
				6173C5132C12FD270089E1E6 /* Alamofire in Frameworks */,
			);
			runOnlyForDeploymentPostprocessing = 0;
		};
/* End PBXFrameworksBuildPhase section */

/* Begin PBXGroup section */
		6109A2FA2C12FF6F00B5E7A2 /* Response */ = {
			isa = PBXGroup;
			children = (
				6109A2FB2C12FF7900B5E7A2 /* TVResponseModel.swift */,
			);
			path = Response;
			sourceTree = "<group>";
		};
		6109A2FD2C130CF800B5E7A2 /* Cell */ = {
			isa = PBXGroup;
			children = (
				6109A2FE2C130D0E00B5E7A2 /* TVCellView.swift */,
			);
			path = Cell;
			sourceTree = "<group>";
		};
		612AA1962C12AB5800A7B1F5 = {
			isa = PBXGroup;
			children = (
				612AA1B02C12AB9D00A7B1F5 /* .gitignore */,
				612AA1A12C12AB5800A7B1F5 /* FilmRoad */,
				612AA1A02C12AB5800A7B1F5 /* Products */,
			);
			sourceTree = "<group>";
		};
		612AA1A02C12AB5800A7B1F5 /* Products */ = {
			isa = PBXGroup;
			children = (
				612AA19F2C12AB5800A7B1F5 /* FilmRoad.app */,
			);
			name = Products;
			sourceTree = "<group>";
		};
		612AA1A12C12AB5800A7B1F5 /* FilmRoad */ = {
			isa = PBXGroup;
			children = (
				612AA1B22C12ABAC00A7B1F5 /* Application */,
				612AA1B32C12ABB500A7B1F5 /* Util */,
				612AA1B42C12ABBC00A7B1F5 /* Network */,
				612AA1B52C12ABC500A7B1F5 /* Model */,
				612AA1CE2C12AE9900A7B1F5 /* Wrapper */,
				612AA1B62C12ABCD00A7B1F5 /* Screens */,
				612AA1B72C12ABD700A7B1F5 /* Resources */,
				612AA1A82C12AB5900A7B1F5 /* Preview Content */,
			);
			path = FilmRoad;
			sourceTree = "<group>";
		};
		612AA1A82C12AB5900A7B1F5 /* Preview Content */ = {
			isa = PBXGroup;
			children = (
				612AA1A92C12AB5900A7B1F5 /* Preview Assets.xcassets */,
			);
			path = "Preview Content";
			sourceTree = "<group>";
		};
		612AA1B22C12ABAC00A7B1F5 /* Application */ = {
			isa = PBXGroup;
			children = (
				612AA1A22C12AB5800A7B1F5 /* FilmRoadApp.swift */,
			);
			path = Application;
			sourceTree = "<group>";
		};
		612AA1B32C12ABB500A7B1F5 /* Util */ = {
			isa = PBXGroup;
			children = (
				612AA1D22C12AF0000A7B1F5 /* Enum */,
			);
			path = Util;
			sourceTree = "<group>";
		};
		612AA1B42C12ABBC00A7B1F5 /* Network */ = {
			isa = PBXGroup;
			children = (
				6173C50E2C12FCC40089E1E6 /* Router */,
				612AA1BF2C12ACBE00A7B1F5 /* APIKey.swift */,
				6173C50C2C12FC740089E1E6 /* TMDBNetworkManager.swift */,
				6173C5142C12FD660089E1E6 /* TargetType.swift */,
			);
			path = Network;
			sourceTree = "<group>";
		};
		612AA1B52C12ABC500A7B1F5 /* Model */ = {
			isa = PBXGroup;
			children = (
				6109A2FA2C12FF6F00B5E7A2 /* Response */,
			);
			path = Model;
			sourceTree = "<group>";
		};
		612AA1B62C12ABCD00A7B1F5 /* Screens */ = {
			isa = PBXGroup;
			children = (
				6109A2FD2C130CF800B5E7A2 /* Cell */,
				612AA1BB2C12AC0000A7B1F5 /* Home */,
				612AA1BD2C12AC1200A7B1F5 /* MyList */,
				612AA1BC2C12AC0900A7B1F5 /* Profile */,
				612AA1BA2C12ABF800A7B1F5 /* MainTab */,
			);
			path = Screens;
			sourceTree = "<group>";
		};
		612AA1B72C12ABD700A7B1F5 /* Resources */ = {
			isa = PBXGroup;
			children = (
				612AA1A62C12AB5900A7B1F5 /* Assets.xcassets */,
				612AA1B82C12ABF000A7B1F5 /* Colors.xcassets */,
			);
			path = Resources;
			sourceTree = "<group>";
		};
		612AA1BA2C12ABF800A7B1F5 /* MainTab */ = {
			isa = PBXGroup;
			children = (
				612AA1CB2C12AE4E00A7B1F5 /* View */,
			);
			path = MainTab;
			sourceTree = "<group>";
		};
		612AA1BB2C12AC0000A7B1F5 /* Home */ = {
			isa = PBXGroup;
			children = (
				612AA1D92C12CF7300A7B1F5 /* Search */,
				612AA1C12C12ADFC00A7B1F5 /* View */,
				612AA1DD2C12D32C00A7B1F5 /* ViewModel */,
			);
			path = Home;
			sourceTree = "<group>";
		};
		612AA1BC2C12AC0900A7B1F5 /* Profile */ = {
			isa = PBXGroup;
			children = (
				612AA1C82C12AE2F00A7B1F5 /* View */,
			);
			path = Profile;
			sourceTree = "<group>";
		};
		612AA1BD2C12AC1200A7B1F5 /* MyList */ = {
			isa = PBXGroup;
			children = (
				612AA1C42C12AE1800A7B1F5 /* View */,
			);
			path = MyList;
			sourceTree = "<group>";
		};
		612AA1C12C12ADFC00A7B1F5 /* View */ = {
			isa = PBXGroup;
			children = (
				612AA1C22C12AE0C00A7B1F5 /* MovieListView.swift */,
			);
			path = View;
			sourceTree = "<group>";
		};
		612AA1C42C12AE1800A7B1F5 /* View */ = {
			isa = PBXGroup;
			children = (
				612AA1C62C12AE2700A7B1F5 /* MyListView.swift */,
			);
			path = View;
			sourceTree = "<group>";
		};
		612AA1C82C12AE2F00A7B1F5 /* View */ = {
			isa = PBXGroup;
			children = (
				612AA1C92C12AE3900A7B1F5 /* MyProfileView.swift */,
			);
			path = View;
			sourceTree = "<group>";
		};
		612AA1CB2C12AE4E00A7B1F5 /* View */ = {
			isa = PBXGroup;
			children = (
				612AA1CC2C12AE5D00A7B1F5 /* MainTabView.swift */,
			);
			path = View;
			sourceTree = "<group>";
		};
		612AA1CE2C12AE9900A7B1F5 /* Wrapper */ = {
			isa = PBXGroup;
			children = (
				612AA1CF2C12AEA700A7B1F5 /* MainTab */,
				612AA1D72C12C6E200A7B1F5 /* ButtonWrapper.swift */,
				6173C5072C12D4000089E1E6 /* NavigationBarWrapper.swift */,
			);
			path = Wrapper;
			sourceTree = "<group>";
		};
		612AA1CF2C12AEA700A7B1F5 /* MainTab */ = {
			isa = PBXGroup;
			children = (
				612AA1D02C12AEC000A7B1F5 /* TabItemModifier.swift */,
			);
			path = MainTab;
			sourceTree = "<group>";
		};
		612AA1D22C12AF0000A7B1F5 /* Enum */ = {
			isa = PBXGroup;
			children = (
				612AA1D32C12AF0700A7B1F5 /* Image.swift */,
				612AA1D52C12C0DF00A7B1F5 /* TabItem.swift */,
			);
			path = Enum;
			sourceTree = "<group>";
		};
		612AA1D92C12CF7300A7B1F5 /* Search */ = {
			isa = PBXGroup;
			children = (
				612AA1DA2C12CF7F00A7B1F5 /* View */,
				6173C5092C12D96E0089E1E6 /* ViewModel */,
			);
			path = Search;
			sourceTree = "<group>";
		};
		612AA1DA2C12CF7F00A7B1F5 /* View */ = {
			isa = PBXGroup;
			children = (
				612AA1DB2C12CF8D00A7B1F5 /* SearchFilmView.swift */,
			);
			path = View;
			sourceTree = "<group>";
		};
		612AA1DD2C12D32C00A7B1F5 /* ViewModel */ = {
			isa = PBXGroup;
			children = (
				612AA1DE2C12D34000A7B1F5 /* MovieListViewModel.swift */,
			);
			path = ViewModel;
			sourceTree = "<group>";
		};
		6173C5092C12D96E0089E1E6 /* ViewModel */ = {
			isa = PBXGroup;
			children = (
				6173C50A2C12D9E10089E1E6 /* SearchViewModel.swift */,
			);
			path = ViewModel;
			sourceTree = "<group>";
		};
		6173C50E2C12FCC40089E1E6 /* Router */ = {
			isa = PBXGroup;
			children = (
				6173C50F2C12FCCF0089E1E6 /* TMDBRouter.swift */,
			);
			path = Router;
			sourceTree = "<group>";
		};
/* End PBXGroup section */

/* Begin PBXNativeTarget section */
		612AA19E2C12AB5800A7B1F5 /* FilmRoad */ = {
			isa = PBXNativeTarget;
			buildConfigurationList = 612AA1AD2C12AB5900A7B1F5 /* Build configuration list for PBXNativeTarget "FilmRoad" */;
			buildPhases = (
				612AA19B2C12AB5800A7B1F5 /* Sources */,
				612AA19C2C12AB5800A7B1F5 /* Frameworks */,
				612AA19D2C12AB5800A7B1F5 /* Resources */,
			);
			buildRules = (
			);
			dependencies = (
			);
			name = FilmRoad;
			packageProductDependencies = (
				6173C5122C12FD270089E1E6 /* Alamofire */,
			);
			productName = FilmRoad;
			productReference = 612AA19F2C12AB5800A7B1F5 /* FilmRoad.app */;
			productType = "com.apple.product-type.application";
		};
/* End PBXNativeTarget section */

/* Begin PBXProject section */
		612AA1972C12AB5800A7B1F5 /* Project object */ = {
			isa = PBXProject;
			attributes = {
				BuildIndependentTargetsInParallel = 1;
				LastSwiftUpdateCheck = 1530;
				LastUpgradeCheck = 1530;
				TargetAttributes = {
					612AA19E2C12AB5800A7B1F5 = {
						CreatedOnToolsVersion = 15.3;
					};
				};
			};
			buildConfigurationList = 612AA19A2C12AB5800A7B1F5 /* Build configuration list for PBXProject "FilmRoad" */;
			compatibilityVersion = "Xcode 14.0";
			developmentRegion = en;
			hasScannedForEncodings = 0;
			knownRegions = (
				en,
				Base,
			);
			mainGroup = 612AA1962C12AB5800A7B1F5;
			packageReferences = (
				6173C5112C12FD270089E1E6 /* XCRemoteSwiftPackageReference "Alamofire" */,
			);
			productRefGroup = 612AA1A02C12AB5800A7B1F5 /* Products */;
			projectDirPath = "";
			projectRoot = "";
			targets = (
				612AA19E2C12AB5800A7B1F5 /* FilmRoad */,
			);
		};
/* End PBXProject section */

/* Begin PBXResourcesBuildPhase section */
		612AA19D2C12AB5800A7B1F5 /* Resources */ = {
			isa = PBXResourcesBuildPhase;
			buildActionMask = 2147483647;
			files = (
				612AA1AA2C12AB5900A7B1F5 /* Preview Assets.xcassets in Resources */,
				612AA1B92C12ABF000A7B1F5 /* Colors.xcassets in Resources */,
				612AA1B12C12AB9D00A7B1F5 /* .gitignore in Resources */,
				612AA1A72C12AB5900A7B1F5 /* Assets.xcassets in Resources */,
			);
			runOnlyForDeploymentPostprocessing = 0;
		};
/* End PBXResourcesBuildPhase section */

/* Begin PBXSourcesBuildPhase section */
		612AA19B2C12AB5800A7B1F5 /* Sources */ = {
			isa = PBXSourcesBuildPhase;
			buildActionMask = 2147483647;
			files = (
				612AA1D42C12AF0700A7B1F5 /* Image.swift in Sources */,
				612AA1C32C12AE0C00A7B1F5 /* MovieListView.swift in Sources */,
				6109A2FF2C130D0E00B5E7A2 /* TVCellView.swift in Sources */,
				612AA1C02C12ACBE00A7B1F5 /* APIKey.swift in Sources */,
				6173C5102C12FCCF0089E1E6 /* TMDBRouter.swift in Sources */,
				612AA1A32C12AB5800A7B1F5 /* FilmRoadApp.swift in Sources */,
				612AA1CD2C12AE5D00A7B1F5 /* MainTabView.swift in Sources */,
				612AA1D12C12AEC000A7B1F5 /* TabItemModifier.swift in Sources */,
				612AA1CA2C12AE3900A7B1F5 /* MyProfileView.swift in Sources */,
				612AA1D82C12C6E200A7B1F5 /* ButtonWrapper.swift in Sources */,
				6173C50D2C12FC740089E1E6 /* TMDBNetworkManager.swift in Sources */,
				6173C50B2C12D9E10089E1E6 /* SearchViewModel.swift in Sources */,
				612AA1DC2C12CF8D00A7B1F5 /* SearchFilmView.swift in Sources */,
				6109A2FC2C12FF7900B5E7A2 /* TVResponseModel.swift in Sources */,
				6173C5082C12D4000089E1E6 /* NavigationBarWrapper.swift in Sources */,
				612AA1D62C12C0DF00A7B1F5 /* TabItem.swift in Sources */,
				612AA1C72C12AE2700A7B1F5 /* MyListView.swift in Sources */,
				612AA1DF2C12D34000A7B1F5 /* MovieListViewModel.swift in Sources */,
				6173C5152C12FD660089E1E6 /* TargetType.swift in Sources */,
			);
			runOnlyForDeploymentPostprocessing = 0;
		};
/* End PBXSourcesBuildPhase section */

/* Begin XCBuildConfiguration section */
		612AA1AB2C12AB5900A7B1F5 /* Debug */ = {
			isa = XCBuildConfiguration;
			buildSettings = {
				ALWAYS_SEARCH_USER_PATHS = NO;
				ASSETCATALOG_COMPILER_GENERATE_SWIFT_ASSET_SYMBOL_EXTENSIONS = YES;
				CLANG_ANALYZER_NONNULL = YES;
				CLANG_ANALYZER_NUMBER_OBJECT_CONVERSION = YES_AGGRESSIVE;
				CLANG_CXX_LANGUAGE_STANDARD = "gnu++20";
				CLANG_ENABLE_MODULES = YES;
				CLANG_ENABLE_OBJC_ARC = YES;
				CLANG_ENABLE_OBJC_WEAK = YES;
				CLANG_WARN_BLOCK_CAPTURE_AUTORELEASING = YES;
				CLANG_WARN_BOOL_CONVERSION = YES;
				CLANG_WARN_COMMA = YES;
				CLANG_WARN_CONSTANT_CONVERSION = YES;
				CLANG_WARN_DEPRECATED_OBJC_IMPLEMENTATIONS = YES;
				CLANG_WARN_DIRECT_OBJC_ISA_USAGE = YES_ERROR;
				CLANG_WARN_DOCUMENTATION_COMMENTS = YES;
				CLANG_WARN_EMPTY_BODY = YES;
				CLANG_WARN_ENUM_CONVERSION = YES;
				CLANG_WARN_INFINITE_RECURSION = YES;
				CLANG_WARN_INT_CONVERSION = YES;
				CLANG_WARN_NON_LITERAL_NULL_CONVERSION = YES;
				CLANG_WARN_OBJC_IMPLICIT_RETAIN_SELF = YES;
				CLANG_WARN_OBJC_LITERAL_CONVERSION = YES;
				CLANG_WARN_OBJC_ROOT_CLASS = YES_ERROR;
				CLANG_WARN_QUOTED_INCLUDE_IN_FRAMEWORK_HEADER = YES;
				CLANG_WARN_RANGE_LOOP_ANALYSIS = YES;
				CLANG_WARN_STRICT_PROTOTYPES = YES;
				CLANG_WARN_SUSPICIOUS_MOVE = YES;
				CLANG_WARN_UNGUARDED_AVAILABILITY = YES_AGGRESSIVE;
				CLANG_WARN_UNREACHABLE_CODE = YES;
				CLANG_WARN__DUPLICATE_METHOD_MATCH = YES;
				COPY_PHASE_STRIP = NO;
				DEBUG_INFORMATION_FORMAT = dwarf;
				ENABLE_STRICT_OBJC_MSGSEND = YES;
				ENABLE_TESTABILITY = YES;
				ENABLE_USER_SCRIPT_SANDBOXING = YES;
				GCC_C_LANGUAGE_STANDARD = gnu17;
				GCC_DYNAMIC_NO_PIC = NO;
				GCC_NO_COMMON_BLOCKS = YES;
				GCC_OPTIMIZATION_LEVEL = 0;
				GCC_PREPROCESSOR_DEFINITIONS = (
					"DEBUG=1",
					"$(inherited)",
				);
				GCC_WARN_64_TO_32_BIT_CONVERSION = YES;
				GCC_WARN_ABOUT_RETURN_TYPE = YES_ERROR;
				GCC_WARN_UNDECLARED_SELECTOR = YES;
				GCC_WARN_UNINITIALIZED_AUTOS = YES_AGGRESSIVE;
				GCC_WARN_UNUSED_FUNCTION = YES;
				GCC_WARN_UNUSED_VARIABLE = YES;
				IPHONEOS_DEPLOYMENT_TARGET = 17.4;
				LOCALIZATION_PREFERS_STRING_CATALOGS = YES;
				MTL_ENABLE_DEBUG_INFO = INCLUDE_SOURCE;
				MTL_FAST_MATH = YES;
				ONLY_ACTIVE_ARCH = YES;
				SDKROOT = iphoneos;
				SWIFT_ACTIVE_COMPILATION_CONDITIONS = "DEBUG $(inherited)";
				SWIFT_OPTIMIZATION_LEVEL = "-Onone";
			};
			name = Debug;
		};
		612AA1AC2C12AB5900A7B1F5 /* Release */ = {
			isa = XCBuildConfiguration;
			buildSettings = {
				ALWAYS_SEARCH_USER_PATHS = NO;
				ASSETCATALOG_COMPILER_GENERATE_SWIFT_ASSET_SYMBOL_EXTENSIONS = YES;
				CLANG_ANALYZER_NONNULL = YES;
				CLANG_ANALYZER_NUMBER_OBJECT_CONVERSION = YES_AGGRESSIVE;
				CLANG_CXX_LANGUAGE_STANDARD = "gnu++20";
				CLANG_ENABLE_MODULES = YES;
				CLANG_ENABLE_OBJC_ARC = YES;
				CLANG_ENABLE_OBJC_WEAK = YES;
				CLANG_WARN_BLOCK_CAPTURE_AUTORELEASING = YES;
				CLANG_WARN_BOOL_CONVERSION = YES;
				CLANG_WARN_COMMA = YES;
				CLANG_WARN_CONSTANT_CONVERSION = YES;
				CLANG_WARN_DEPRECATED_OBJC_IMPLEMENTATIONS = YES;
				CLANG_WARN_DIRECT_OBJC_ISA_USAGE = YES_ERROR;
				CLANG_WARN_DOCUMENTATION_COMMENTS = YES;
				CLANG_WARN_EMPTY_BODY = YES;
				CLANG_WARN_ENUM_CONVERSION = YES;
				CLANG_WARN_INFINITE_RECURSION = YES;
				CLANG_WARN_INT_CONVERSION = YES;
				CLANG_WARN_NON_LITERAL_NULL_CONVERSION = YES;
				CLANG_WARN_OBJC_IMPLICIT_RETAIN_SELF = YES;
				CLANG_WARN_OBJC_LITERAL_CONVERSION = YES;
				CLANG_WARN_OBJC_ROOT_CLASS = YES_ERROR;
				CLANG_WARN_QUOTED_INCLUDE_IN_FRAMEWORK_HEADER = YES;
				CLANG_WARN_RANGE_LOOP_ANALYSIS = YES;
				CLANG_WARN_STRICT_PROTOTYPES = YES;
				CLANG_WARN_SUSPICIOUS_MOVE = YES;
				CLANG_WARN_UNGUARDED_AVAILABILITY = YES_AGGRESSIVE;
				CLANG_WARN_UNREACHABLE_CODE = YES;
				CLANG_WARN__DUPLICATE_METHOD_MATCH = YES;
				COPY_PHASE_STRIP = NO;
				DEBUG_INFORMATION_FORMAT = "dwarf-with-dsym";
				ENABLE_NS_ASSERTIONS = NO;
				ENABLE_STRICT_OBJC_MSGSEND = YES;
				ENABLE_USER_SCRIPT_SANDBOXING = YES;
				GCC_C_LANGUAGE_STANDARD = gnu17;
				GCC_NO_COMMON_BLOCKS = YES;
				GCC_WARN_64_TO_32_BIT_CONVERSION = YES;
				GCC_WARN_ABOUT_RETURN_TYPE = YES_ERROR;
				GCC_WARN_UNDECLARED_SELECTOR = YES;
				GCC_WARN_UNINITIALIZED_AUTOS = YES_AGGRESSIVE;
				GCC_WARN_UNUSED_FUNCTION = YES;
				GCC_WARN_UNUSED_VARIABLE = YES;
				IPHONEOS_DEPLOYMENT_TARGET = 17.4;
				LOCALIZATION_PREFERS_STRING_CATALOGS = YES;
				MTL_ENABLE_DEBUG_INFO = NO;
				MTL_FAST_MATH = YES;
				SDKROOT = iphoneos;
				SWIFT_COMPILATION_MODE = wholemodule;
				VALIDATE_PRODUCT = YES;
			};
			name = Release;
		};
		612AA1AE2C12AB5900A7B1F5 /* Debug */ = {
			isa = XCBuildConfiguration;
			buildSettings = {
				ASSETCATALOG_COMPILER_APPICON_NAME = AppIcon;
				ASSETCATALOG_COMPILER_GLOBAL_ACCENT_COLOR_NAME = AccentColor;
				CODE_SIGN_STYLE = Automatic;
				CURRENT_PROJECT_VERSION = 1;
				DEVELOPMENT_ASSET_PATHS = "\"FilmRoad/Preview Content\"";
				DEVELOPMENT_TEAM = T2Q8P9627P;
				ENABLE_PREVIEWS = YES;
				GENERATE_INFOPLIST_FILE = YES;
				INFOPLIST_KEY_UIApplicationSceneManifest_Generation = YES;
				INFOPLIST_KEY_UIApplicationSupportsIndirectInputEvents = YES;
				INFOPLIST_KEY_UILaunchScreen_Generation = YES;
				INFOPLIST_KEY_UISupportedInterfaceOrientations = UIInterfaceOrientationPortrait;
				INFOPLIST_KEY_UISupportedInterfaceOrientations_iPad = "UIInterfaceOrientationLandscapeLeft UIInterfaceOrientationLandscapeRight UIInterfaceOrientationPortrait UIInterfaceOrientationPortraitUpsideDown";
				IPHONEOS_DEPLOYMENT_TARGET = 16.0;
				LD_RUNPATH_SEARCH_PATHS = (
					"$(inherited)",
					"@executable_path/Frameworks",
				);
				MARKETING_VERSION = 1.0;
				PRODUCT_BUNDLE_IDENTIFIER = com.yuz.FilmRoad;
				PRODUCT_NAME = "$(TARGET_NAME)";
				SUPPORTED_PLATFORMS = "iphoneos iphonesimulator";
				SUPPORTS_MACCATALYST = NO;
				SUPPORTS_MAC_DESIGNED_FOR_IPHONE_IPAD = NO;
				SUPPORTS_XR_DESIGNED_FOR_IPHONE_IPAD = NO;
				SWIFT_EMIT_LOC_STRINGS = YES;
				SWIFT_VERSION = 5.0;
				TARGETED_DEVICE_FAMILY = 1;
			};
			name = Debug;
		};
		612AA1AF2C12AB5900A7B1F5 /* Release */ = {
			isa = XCBuildConfiguration;
			buildSettings = {
				ASSETCATALOG_COMPILER_APPICON_NAME = AppIcon;
				ASSETCATALOG_COMPILER_GLOBAL_ACCENT_COLOR_NAME = AccentColor;
				CODE_SIGN_STYLE = Automatic;
				CURRENT_PROJECT_VERSION = 1;
				DEVELOPMENT_ASSET_PATHS = "\"FilmRoad/Preview Content\"";
				DEVELOPMENT_TEAM = T2Q8P9627P;
				ENABLE_PREVIEWS = YES;
				GENERATE_INFOPLIST_FILE = YES;
				INFOPLIST_KEY_UIApplicationSceneManifest_Generation = YES;
				INFOPLIST_KEY_UIApplicationSupportsIndirectInputEvents = YES;
				INFOPLIST_KEY_UILaunchScreen_Generation = YES;
				INFOPLIST_KEY_UISupportedInterfaceOrientations = UIInterfaceOrientationPortrait;
				INFOPLIST_KEY_UISupportedInterfaceOrientations_iPad = "UIInterfaceOrientationLandscapeLeft UIInterfaceOrientationLandscapeRight UIInterfaceOrientationPortrait UIInterfaceOrientationPortraitUpsideDown";
				IPHONEOS_DEPLOYMENT_TARGET = 16.0;
				LD_RUNPATH_SEARCH_PATHS = (
					"$(inherited)",
					"@executable_path/Frameworks",
				);
				MARKETING_VERSION = 1.0;
				PRODUCT_BUNDLE_IDENTIFIER = com.yuz.FilmRoad;
				PRODUCT_NAME = "$(TARGET_NAME)";
				SUPPORTED_PLATFORMS = "iphoneos iphonesimulator";
				SUPPORTS_MACCATALYST = NO;
				SUPPORTS_MAC_DESIGNED_FOR_IPHONE_IPAD = NO;
				SUPPORTS_XR_DESIGNED_FOR_IPHONE_IPAD = NO;
				SWIFT_EMIT_LOC_STRINGS = YES;
				SWIFT_VERSION = 5.0;
				TARGETED_DEVICE_FAMILY = 1;
			};
			name = Release;
		};
/* End XCBuildConfiguration section */

/* Begin XCConfigurationList section */
		612AA19A2C12AB5800A7B1F5 /* Build configuration list for PBXProject "FilmRoad" */ = {
			isa = XCConfigurationList;
			buildConfigurations = (
				612AA1AB2C12AB5900A7B1F5 /* Debug */,
				612AA1AC2C12AB5900A7B1F5 /* Release */,
			);
			defaultConfigurationIsVisible = 0;
			defaultConfigurationName = Release;
		};
		612AA1AD2C12AB5900A7B1F5 /* Build configuration list for PBXNativeTarget "FilmRoad" */ = {
			isa = XCConfigurationList;
			buildConfigurations = (
				612AA1AE2C12AB5900A7B1F5 /* Debug */,
				612AA1AF2C12AB5900A7B1F5 /* Release */,
			);
			defaultConfigurationIsVisible = 0;
			defaultConfigurationName = Release;
		};
/* End XCConfigurationList section */

/* Begin XCRemoteSwiftPackageReference section */
		6173C5112C12FD270089E1E6 /* XCRemoteSwiftPackageReference "Alamofire" */ = {
			isa = XCRemoteSwiftPackageReference;
			repositoryURL = "https://github.com/Alamofire/Alamofire";
			requirement = {
				kind = upToNextMajorVersion;
				minimumVersion = 5.9.1;
			};
		};
/* End XCRemoteSwiftPackageReference section */

/* Begin XCSwiftPackageProductDependency section */
		6173C5122C12FD270089E1E6 /* Alamofire */ = {
			isa = XCSwiftPackageProductDependency;
			package = 6173C5112C12FD270089E1E6 /* XCRemoteSwiftPackageReference "Alamofire" */;
			productName = Alamofire;
		};
/* End XCSwiftPackageProductDependency section */
	};
	rootObject = 612AA1972C12AB5800A7B1F5 /* Project object */;
}
